
Microsoft Visual Studio Solution File, Format Version 12.00
# Visual Studio Version 16
VisualStudioVersion = 16.0.30611.23
MinimumVisualStudioVersion = 10.0.40219.1
Project("{FAE04EC0-301F-11D3-BF4B-00C04F79EFBC}") = "MongoDB_CRUD", "MongoDB_CRUD\MongoDB_CRUD.csproj", "{76B166DC-B47F-4DCF-9BCE-59D3B09B0A9F}"
EndProject
Global
	GlobalSection(SolutionConfigurationPlatforms) = preSolution
		Debug|Any CPU = Debug|Any CPU
		Release|Any CPU = Release|Any CPU
	EndGlobalSection
	GlobalSection(ProjectConfigurationPlatforms) = postSolution
		{76B166DC-B47F-4DCF-9BCE-59D3B09B0A9F}.Debug|Any CPU.ActiveCfg = Debug|Any CPU
		{76B166DC-B47F-4DCF-9BCE-59D3B09B0A9F}.Debug|Any CPU.Build.0 = Debug|Any CPU
		{76B166DC-B47F-4DCF-9BCE-59D3B09B0A9F}.Release|Any CPU.ActiveCfg = Release|Any CPU
		{76B166DC-B47F-4DCF-9BCE-59D3B09B0A9F}.Release|Any CPU.Build.0 = Release|Any CPU
	EndGlobalSection
	GlobalSection(SolutionProperties) = preSolution
		HideSolutionNode = FALSE
	EndGlobalSection
	GlobalSection(ExtensibilityGlobals) = postSolution
		SolutionGuid = {434405E4-D5BB-4A4B-A3C4-28CB06ED3736}
	EndGlobalSection
EndGlobal
